
Microsoft Visual Studio Solution File, Format Version 12.00
# Visual Studio Version 16
VisualStudioVersion = 16.0.31129.286
MinimumVisualStudioVersion = 10.0.40219.1
Project("{FAE04EC0-301F-11D3-BF4B-00C04F79EFBC}") = "WeBook", "WeBook.csproj", "{8192EBF4-E0AB-41B8-B77C-F846BEB422FF}"
EndProject
Global
	GlobalSection(SolutionConfigurationPlatforms) = preSolution
		Debug|Any CPU = Debug|Any CPU
		Release|Any CPU = Release|Any CPU
	EndGlobalSection
	GlobalSection(ProjectConfigurationPlatforms) = postSolution
		{8192EBF4-E0AB-41B8-B77C-F846BEB422FF}.Debug|Any CPU.ActiveCfg = Debug|Any CPU
		{8192EBF4-E0AB-41B8-B77C-F846BEB422FF}.Debug|Any CPU.Build.0 = Debug|Any CPU
		{8192EBF4-E0AB-41B8-B77C-F846BEB422FF}.Release|Any CPU.ActiveCfg = Release|Any CPU
		{8192EBF4-E0AB-41B8-B77C-F846BEB422FF}.Release|Any CPU.Build.0 = Release|Any CPU
	EndGlobalSection
	GlobalSection(SolutionProperties) = preSolution
		HideSolutionNode = FALSE
	EndGlobalSection
	GlobalSection(ExtensibilityGlobals) = postSolution
		SolutionGuid = {ACAF61E3-8357-42CA-9564-2B5899B794C9}
	EndGlobalSection
EndGlobal
